
Microsoft Visual Studio Solution File, Format Version 12.00
# Visual Studio Version 16
VisualStudioVersion = 16.0.30907.101
MinimumVisualStudioVersion = 10.0.40219.1
Project("{FAE04EC0-301F-11D3-BF4B-00C04F79EFBC}") = "RoutingWithBikes", "RoutingWithBikes\RoutingWithBikes.csproj", "{E54A91C9-D93E-43C6-BE05-EF3B695A0CA5}"
	ProjectSection(ProjectDependencies) = postProject
		{547F2644-86E5-4228-A941-49813D61719B} = {547F2644-86E5-4228-A941-49813D61719B}
	EndProjectSection
EndProject
Project("{FAE04EC0-301F-11D3-BF4B-00C04F79EFBC}") = "WebProxyService", "WebProxyService\WebProxyService.csproj", "{547F2644-86E5-4228-A941-49813D61719B}"
EndProject
Project("{FAE04EC0-301F-11D3-BF4B-00C04F79EFBC}") = "Cache", "Cache\Cache.csproj", "{605E5FB2-DE74-416B-9632-78DF064E71BF}"
EndProject
Project("{FAE04EC0-301F-11D3-BF4B-00C04F79EFBC}") = "HeavyClient", "HeavyClient\HeavyClient.csproj", "{EBBF7193-D614-4F72-A9A3-12C8D181A5FF}"
	ProjectSection(ProjectDependencies) = postProject
		{E54A91C9-D93E-43C6-BE05-EF3B695A0CA5} = {E54A91C9-D93E-43C6-BE05-EF3B695A0CA5}
	EndProjectSection
EndProject
Global
	GlobalSection(SolutionConfigurationPlatforms) = preSolution
		Debug|Any CPU = Debug|Any CPU
		Release|Any CPU = Release|Any CPU
	EndGlobalSection
	GlobalSection(ProjectConfigurationPlatforms) = postSolution
		{E54A91C9-D93E-43C6-BE05-EF3B695A0CA5}.Debug|Any CPU.ActiveCfg = Debug|Any CPU
		{E54A91C9-D93E-43C6-BE05-EF3B695A0CA5}.Debug|Any CPU.Build.0 = Debug|Any CPU
		{E54A91C9-D93E-43C6-BE05-EF3B695A0CA5}.Release|Any CPU.ActiveCfg = Release|Any CPU
		{E54A91C9-D93E-43C6-BE05-EF3B695A0CA5}.Release|Any CPU.Build.0 = Release|Any CPU
		{547F2644-86E5-4228-A941-49813D61719B}.Debug|Any CPU.ActiveCfg = Debug|Any CPU
		{547F2644-86E5-4228-A941-49813D61719B}.Debug|Any CPU.Build.0 = Debug|Any CPU
		{547F2644-86E5-4228-A941-49813D61719B}.Release|Any CPU.ActiveCfg = Release|Any CPU
		{547F2644-86E5-4228-A941-49813D61719B}.Release|Any CPU.Build.0 = Release|Any CPU
		{605E5FB2-DE74-416B-9632-78DF064E71BF}.Debug|Any CPU.ActiveCfg = Debug|Any CPU
		{605E5FB2-DE74-416B-9632-78DF064E71BF}.Debug|Any CPU.Build.0 = Debug|Any CPU
		{605E5FB2-DE74-416B-9632-78DF064E71BF}.Release|Any CPU.ActiveCfg = Release|Any CPU
		{605E5FB2-DE74-416B-9632-78DF064E71BF}.Release|Any CPU.Build.0 = Release|Any CPU
		{EBBF7193-D614-4F72-A9A3-12C8D181A5FF}.Debug|Any CPU.ActiveCfg = Debug|Any CPU
		{EBBF7193-D614-4F72-A9A3-12C8D181A5FF}.Debug|Any CPU.Build.0 = Debug|Any CPU
		{EBBF7193-D614-4F72-A9A3-12C8D181A5FF}.Release|Any CPU.ActiveCfg = Release|Any CPU
		{EBBF7193-D614-4F72-A9A3-12C8D181A5FF}.Release|Any CPU.Build.0 = Release|Any CPU
	EndGlobalSection
	GlobalSection(SolutionProperties) = preSolution
		HideSolutionNode = FALSE
	EndGlobalSection
	GlobalSection(ExtensibilityGlobals) = postSolution
		SolutionGuid = {8DC0D9CB-1F81-4521-AECD-202032536EB5}
	EndGlobalSection
EndGlobal
